
Microsoft Visual Studio Solution File, Format Version 12.00
# Visual Studio Version 17
VisualStudioVersion = 17.1.32210.238
MinimumVisualStudioVersion = 10.0.40219.1
Project("{FAE04EC0-301F-11D3-BF4B-00C04F79EFBC}") = "AndroidAutomation", "AndroidAutomation\AndroidAutomation.csproj", "{8E7ADDC7-DC8B-41C1-9648-DDA2E23E0DCC}"
EndProject
Global
	GlobalSection(SolutionConfigurationPlatforms) = preSolution
		Debug|Any CPU = Debug|Any CPU
		Release|Any CPU = Release|Any CPU
	EndGlobalSection
	GlobalSection(ProjectConfigurationPlatforms) = postSolution
		{8E7ADDC7-DC8B-41C1-9648-DDA2E23E0DCC}.Debug|Any CPU.ActiveCfg = Debug|Any CPU
		{8E7ADDC7-DC8B-41C1-9648-DDA2E23E0DCC}.Debug|Any CPU.Build.0 = Debug|Any CPU
		{8E7ADDC7-DC8B-41C1-9648-DDA2E23E0DCC}.Release|Any CPU.ActiveCfg = Release|Any CPU
		{8E7ADDC7-DC8B-41C1-9648-DDA2E23E0DCC}.Release|Any CPU.Build.0 = Release|Any CPU
	EndGlobalSection
	GlobalSection(SolutionProperties) = preSolution
		HideSolutionNode = FALSE
	EndGlobalSection
	GlobalSection(ExtensibilityGlobals) = postSolution
		SolutionGuid = {0262B6EC-1456-4876-B28A-20B465FB1B66}
	EndGlobalSection
EndGlobal
